{
  "R": {
    "Version": "4.3.0",
    "Repositories": [
      {
        "Name": "RSPM",
        "URL": "https://packagemanager.rstudio.com/all/latest"
      },
      {
        "Name": "CRAN",
        "URL": "https://cran.rstudio.com/"
      },
      {
        "Name": "INLA",
        "URL": "https://inla.r-inla-download.org/R/testing"
      }
    ]
  },
  "Packages": {
    "arrow": {
      "Source": "Repository",
      "Package": "arrow",
      "Version": "13.0.0.1",
      "Repository": "RSPM"
    },
    "askpass": {
      "Source": "Repository",
      "Package": "askpass",
      "Version": "1.2.0",
      "Repository": "RSPM"
    },
    "assertthat": {
      "Source": "Repository",
      "Package": "assertthat",
      "Version": "0.2.1",
      "Repository": "RSPM"
    },
    "atcursor": {
      "Source": "GitHub",
      "Package": "atcursor",
      "Version": "0.0.2",
      "RemoteType": "github",
      "RemoteHost": "api.github.com",
      "RemoteUsername": "milesmcbain",
      "RemoteRepo": "atcursor",
      "RemoteRef": "main",
      "RemoteSha": "52445666e612650cfa787814c3b195eaa1012ab8"
    },
    "aws.s3": {
      "Source": "Repository",
      "Package": "aws.s3",
      "Version": "0.3.21",
      "Repository": "RSPM"
    },
    "aws.signature": {
      "Source": "Repository",
      "Package": "aws.signature",
      "Version": "0.6.0",
      "Repository": "RSPM"
    },
    "base64url": {
      "Source": "Repository",
      "Package": "base64url",
      "Version": "1.4",
      "Repository": "RSPM"
    },
    "blastula": {
      "Source": "Repository",
      "Package": "blastula",
      "Version": "0.3.4",
      "Repository": "RSPM"
    },
    "broom": {
      "Source": "Repository",
      "Package": "broom",
      "Version": "1.0.5",
      "Repository": "RSPM"
    },
    "bslib": {
      "Source": "Repository",
      "Package": "bslib",
      "Version": "0.5.0",
      "Repository": "RSPM"
    },
    "capsule": {
      "Source": "Repository",
      "Package": "capsule",
      "Version": "0.4.2",
      "Repository": "https://milesmcbain.r-universe.dev",
      "RemoteType": "repository",
      "RemoteUrl": "https://github.com/milesmcbain/capsule",
      "RemoteRef": "master",
      "RemoteSha": "401d0c98adc329c17d0bb129069c9ec220a26646"
    },
    "containerTemplateUtils": {
      "Source": "GitHub",
      "Package": "containerTemplateUtils",
      "Version": "0.0.0.9006",
      "RemoteType": "github",
      "RemoteHost": "api.github.com",
      "RemoteUsername": "ecohealthalliance",
      "RemoteRepo": "containerTemplateUtils",
      "RemoteRef": "main",
      "RemoteSha": "d707a282139c2b42d929baf96962aa4ce655b82b"
    },
    "countrycode": {
      "Source": "Repository",
      "Package": "countrycode",
      "Version": "1.5.0",
      "Repository": "RSPM"
    },
    "cpp11": {
      "Source": "Repository",
      "Package": "cpp11",
      "Version": "0.4.6",
      "Repository": "RSPM"
    },
    "credentials": {
      "Source": "Repository",
      "Package": "credentials",
      "Version": "2.0.1",
      "Repository": "RSPM"
    },
    "crew": {
      "Source": "Repository",
      "Package": "crew",
      "Version": "0.4.0",
      "Repository": "RSPM"
    },
    "curl": {
      "Source": "Repository",
      "Package": "curl",
      "Version": "5.0.2",
      "Repository": "RSPM"
    },
    "digest": {
      "Source": "Repository",
      "Package": "digest",
      "Version": "0.6.33",
      "Repository": "RSPM"
    },
    "dotenv": {
      "Source": "Repository",
      "Package": "dotenv",
      "Version": "1.0.3",
      "Repository": "RSPM"
    },
    "ecmwfr": {
      "Source": "Repository",
      "Package": "ecmwfr",
      "Version": "1.5.0",
      "Repository": "RSPM"
    },
    "fansi": {
      "Source": "Repository",
      "Package": "fansi",
      "Version": "1.0.5",
      "Repository": "RSPM"
    },
    "filelock": {
      "Source": "Repository",
      "Package": "filelock",
      "Version": "1.0.2",
      "Repository": "RSPM"
    },
    "fnmate": {
      "Source": "GitHub",
      "Package": "fnmate",
      "Version": "0.0.6",
      "RemoteType": "github",
      "RemoteHost": "api.github.com",
      "RemoteRepo": "fnmate",
      "RemoteUsername": "MilesMcBain",
      "RemoteRef": "HEAD",
      "RemoteSha": "18a4c00536e0deafeb6b3f91e48b53b641f47e6a"
    },
    "future.callr": {
      "Source": "Repository",
      "Package": "future.callr",
      "Version": "0.8.1",
      "Repository": "RSPM"
    },
    "gargle": {
      "Source": "Repository",
      "Package": "gargle",
      "Version": "1.5.1",
      "Repository": "RSPM"
    },
    "gert": {
      "Source": "Repository",
      "Package": "gert",
      "Version": "2.0.0",
      "Repository": "RSPM"
    },
    "getip": {
      "Source": "Repository",
      "Package": "getip",
      "Version": "0.1-3",
      "Repository": "RSPM"
    },
    "getPass": {
      "Source": "Repository",
      "Package": "getPass",
      "Version": "0.2-2",
      "Repository": "RSPM"
    },
    "ggforce": {
      "Source": "Repository",
      "Package": "ggforce",
      "Version": "0.4.1",
      "Repository": "RSPM"
    },
    "ggrepel": {
      "Source": "Repository",
      "Package": "ggrepel",
      "Version": "0.9.4",
      "Repository": "RSPM"
    },
    "googledrive": {
      "Source": "Repository",
      "Package": "googledrive",
      "Version": "2.1.1",
      "Repository": "RSPM"
    },
    "googlesheets4": {
      "Source": "Repository",
      "Package": "googlesheets4",
      "Version": "1.1.1",
      "Repository": "RSPM"
    },
    "httr": {
      "Source": "Repository",
      "Package": "httr",
      "Version": "1.4.7",
      "Repository": "RSPM"
    },
    "igraph": {
      "Source": "Repository",
      "Package": "igraph",
      "Version": "1.4.3",
      "Repository": "RSPM"
    },
    "janitor": {
      "Source": "Repository",
      "Package": "janitor",
      "Version": "2.2.0",
      "Repository": "RSPM"
    },
    "jsonlite": {
      "Source": "Repository",
      "Package": "jsonlite",
      "Version": "1.8.7",
      "Repository": "RSPM"
    },
    "kableExtra": {
      "Source": "Repository",
      "Package": "kableExtra",
      "Version": "1.3.4",
      "Repository": "RSPM"
    },
    "keyring": {
      "Source": "Repository",
      "Package": "keyring",
      "Version": "1.3.1",
      "Repository": "RSPM"
    },
    "knitr": {
      "Source": "Repository",
      "Package": "knitr",
      "Version": "1.43",
      "Repository": "RSPM"
    },
    "mirai": {
      "Source": "Repository",
      "Package": "mirai",
      "Version": "0.9.1",
      "Repository": "RSPM"
    },
    "nanonext": {
      "Source": "Repository",
      "Package": "nanonext",
      "Version": "0.9.1",
      "Repository": "RSPM"
    },
    "nasapower": {
      "Source": "Repository",
      "Package": "nasapower",
      "Version": "4.0.10",
      "Repository": "RSPM"
    },
    "openssl": {
      "Source": "Repository",
      "Package": "openssl",
      "Version": "2.1.0",
      "Repository": "RSPM"
    },
    "parallelly": {
      "Source": "Repository",
      "Package": "parallelly",
      "Version": "1.36.0",
      "Repository": "RSPM"
    },
    "paws.analytics": {
      "Source": "Repository",
      "Package": "paws.analytics",
      "Version": "0.3.0",
      "Repository": "RSPM"
    },
    "paws.application.integration": {
      "Source": "Repository",
      "Package": "paws.application.integration",
      "Version": "0.3.1",
      "Repository": "RSPM"
    },
    "paws.common": {
      "Source": "Repository",
      "Package": "paws.common",
      "Version": "0.5.8",
      "Repository": "RSPM"
    },
    "paws.compute": {
      "Source": "Repository",
      "Package": "paws.compute",
      "Version": "0.3.1",
      "Repository": "RSPM"
    },
    "paws.cost.management": {
      "Source": "Repository",
      "Package": "paws.cost.management",
      "Version": "0.3.1",
      "Repository": "RSPM"
    },
    "paws.customer.engagement": {
      "Source": "Repository",
      "Package": "paws.customer.engagement",
      "Version": "0.3.0",
      "Repository": "RSPM"
    },
    "paws.database": {
      "Source": "Repository",
      "Package": "paws.database",
      "Version": "0.3.0",
      "Repository": "RSPM"
    },
    "paws": {
      "Source": "Repository",
      "Package": "paws",
      "Version": "0.3.0",
      "Repository": "RSPM"
    },
    "paws.developer.tools": {
      "Source": "Repository",
      "Package": "paws.developer.tools",
      "Version": "0.3.1",
      "Repository": "RSPM"
    },
    "paws.end.user.computing": {
      "Source": "Repository",
      "Package": "paws.end.user.computing",
      "Version": "0.3.0",
      "Repository": "RSPM"
    },
    "paws.machine.learning": {
      "Source": "Repository",
      "Package": "paws.machine.learning",
      "Version": "0.3.0",
      "Repository": "RSPM"
    },
    "paws.management": {
      "Source": "Repository",
      "Package": "paws.management",
      "Version": "0.3.1",
      "Repository": "RSPM"
    },
    "paws.networking": {
      "Source": "Repository",
      "Package": "paws.networking",
      "Version": "0.3.0",
      "Repository": "RSPM"
    },
    "paws.security.identity": {
      "Source": "Repository",
      "Package": "paws.security.identity",
      "Version": "0.3.1",
      "Repository": "RSPM"
    },
    "paws.storage": {
      "Source": "Repository",
      "Package": "paws.storage",
      "Version": "0.3.0",
      "Repository": "RSPM"
    },
    "polyclip": {
      "Source": "Repository",
      "Package": "polyclip",
      "Version": "1.10-6",
      "Repository": "RSPM"
    },
    "prettyunits": {
      "Source": "Repository",
      "Package": "prettyunits",
      "Version": "1.2.0",
      "Repository": "RSPM"
    },
    "processx": {
      "Source": "Repository",
      "Package": "processx",
      "Version": "3.8.2",
      "Repository": "RSPM"
    },
    "purrr": {
      "Source": "Repository",
      "Package": "purrr",
      "Version": "1.0.2",
      "Repository": "RSPM"
    },
    "qs": {
      "Source": "Repository",
      "Package": "qs",
      "Version": "0.25.5",
      "Repository": "RSPM"
    },
    "RApiSerialize": {
      "Source": "Repository",
      "Package": "RApiSerialize",
      "Version": "0.1.2",
      "Repository": "RSPM"
    },
    "Rcpp": {
      "Source": "Repository",
      "Package": "Rcpp",
      "Version": "1.0.11",
      "Repository": "RSPM"
    },
    "remotes": {
      "Source": "Repository",
      "Package": "remotes",
      "Version": "2.4.2.1",
      "Repository": "RSPM"
    },
    "renv": {
      "Source": "Repository",
      "Package": "renv",
      "Version": "1.0.3",
      "Repository": "RSPM"
    },
    "rnaturalearth": {
      "Source": "Repository",
      "Package": "rnaturalearth",
      "Version": "0.3.3",
      "Repository": "RSPM"
    },
    "rnaturalearthhires": {
      "Source": "GitHub",
      "Package": "rnaturalearthhires",
      "Version": "0.2.1",
      "RemoteType": "github",
      "RemoteHost": "api.github.com",
      "RemoteUsername": "ropensci",
      "RemoteRepo": "rnaturalearthhires",
      "RemoteRef": "master",
      "RemoteSha": "c3785a8c44738de6ae8f797080c0a337ebed929d"
    },
    "rstac": {
      "Source": "GitHub",
      "Package": "rstac",
      "Version": "0.9.2",
      "RemoteType": "github",
      "RemoteHost": "api.github.com",
      "RemoteRepo": "rstac",
      "RemoteUsername": "OldLipe",
      "RemoteRef": "b-0.9.1",
      "RemoteSha": "8436c5fd065cb6f0e6347483ba72ceacac130dee"
    },
    "rstudioapi": {
      "Source": "Repository",
      "Package": "rstudioapi",
      "Version": "0.15.0",
      "Repository": "RSPM"
    },
    "s2": {
      "Source": "Repository",
      "Package": "s2",
      "Version": "1.1.4",
      "Repository": "RSPM"
    },
    "sass": {
      "Source": "Repository",
      "Package": "sass",
      "Version": "0.4.7",
      "Repository": "RSPM"
    },
    "sf": {
      "Source": "Repository",
      "Package": "sf",
      "Version": "1.0-14",
      "Repository": "RSPM"
    },
    "snakecase": {
      "Source": "Repository",
      "Package": "snakecase",
      "Version": "0.11.0",
      "Repository": "RSPM"
    },
    "sodium": {
      "Source": "Repository",
      "Package": "sodium",
      "Version": "1.2.1",
      "Repository": "RSPM"
    },
    "sp": {
      "Source": "Repository",
      "Package": "sp",
      "Version": "2.0-0",
      "Repository": "RSPM"
    },
    "stringfish": {
      "Source": "Repository",
      "Package": "stringfish",
      "Version": "0.15.8",
      "Repository": "RSPM"
    },
    "sys": {
      "Source": "Repository",
      "Package": "sys",
      "Version": "3.4.2",
      "Repository": "RSPM"
    },
    "tarchetypes": {
      "Source": "Repository",
      "Package": "tarchetypes",
      "Version": "0.7.6",
      "Repository": "RSPM"
    },
    "targets": {
      "Source": "Repository",
      "Package": "targets",
      "Version": "1.1.3",
      "Repository": "RSPM"
    },
    "terra": {
      "Source": "Repository",
      "Package": "terra",
      "Version": "1.7-39",
      "Repository": "RSPM"
    },
    "tflow": {
      "Source": "GitHub",
      "Package": "tflow",
      "Version": "0.3.10",
      "RemoteType": "github",
      "RemoteHost": "api.github.com",
      "RemoteUsername": "MilesMcBain",
      "RemoteRepo": "tflow",
      "RemoteRef": "master",
      "RemoteSha": "889afee6c16fdd8ef3cba9484999caf5944eab47"
    },
    "tweenr": {
      "Source": "Repository",
      "Package": "tweenr",
      "Version": "2.0.2",
      "Repository": "RSPM"
    },
    "units": {
      "Source": "Repository",
      "Package": "units",
      "Version": "0.8-3",
      "Repository": "RSPM"
    },
    "usethis": {
      "Source": "Repository",
      "Package": "usethis",
      "Version": "2.2.0",
      "Repository": "RSPM"
    },
    "using": {
      "Source": "Repository",
      "Package": "using",
      "Version": "0.4.0",
      "Repository": "https://milesmcbain.r-universe.dev",
      "RemoteType": "repository",
      "RemoteUrl": "https://github.com/anthonynorth/using",
      "RemoteRef": "HEAD",
      "RemoteSha": "c33a88c5c42c64fd84423a65af7b5a3ae8d5e64a"
    },
    "uuid": {
      "Source": "Repository",
      "Package": "uuid",
      "Version": "1.1-1",
      "Repository": "RSPM"
    },
    "vctrs": {
      "Source": "Repository",
      "Package": "vctrs",
      "Version": "0.6.3",
      "Repository": "RSPM"
    },
    "vroom": {
      "Source": "Repository",
      "Package": "vroom",
      "Version": "1.6.4",
      "Repository": "RSPM"
    },
    "withr": {
      "Source": "Repository",
      "Package": "withr",
      "Version": "2.5.1",
      "Repository": "RSPM"
    },
    "xfun": {
      "Source": "Repository",
      "Package": "xfun",
      "Version": "0.40",
      "Repository": "RSPM"
    },
    "xml2": {
      "Source": "Repository",
      "Package": "xml2",
      "Version": "1.3.5",
      "Repository": "RSPM"
    },
    "backports": {
      "Source": "Repository",
      "Package": "backports",
      "Version": "1.4.1",
      "Repository": "RSPM"
    },
    "base64enc": {
      "Source": "Repository",
      "Package": "base64enc",
      "Version": "0.1-3",
      "Repository": "RSPM"
    },
    "bit64": {
      "Source": "Repository",
      "Package": "bit64",
      "Version": "4.0.5",
      "Repository": "RSPM"
    },
    "bit": {
      "Source": "Repository",
      "Package": "bit",
      "Version": "4.0.5",
      "Repository": "RSPM"
    },
    "blob": {
      "Source": "Repository",
      "Package": "blob",
      "Version": "1.2.4",
      "Repository": "RSPM"
    },
    "cachem": {
      "Source": "Repository",
      "Package": "cachem",
      "Version": "1.0.8",
      "Repository": "RSPM"
    },
    "callr": {
      "Source": "Repository",
      "Package": "callr",
      "Version": "3.7.3",
      "Repository": "RSPM"
    },
    "cellranger": {
      "Source": "Repository",
      "Package": "cellranger",
      "Version": "1.1.0",
      "Repository": "RSPM"
    },
    "classInt": {
      "Source": "Repository",
      "Package": "classInt",
      "Version": "0.4-9",
      "Repository": "RSPM"
    },
    "cli": {
      "Source": "Repository",
      "Package": "cli",
      "Version": "3.6.1",
      "Repository": "RSPM"
    },
    "clipr": {
      "Source": "Repository",
      "Package": "clipr",
      "Version": "0.8.0",
      "Repository": "RSPM"
    },
    "colorspace": {
      "Source": "Repository",
      "Package": "colorspace",
      "Version": "2.1-0",
      "Repository": "RSPM"
    },
    "commonmark": {
      "Source": "Repository",
      "Package": "commonmark",
      "Version": "1.9.0",
      "Repository": "RSPM"
    },
    "conflicted": {
      "Source": "Repository",
      "Package": "conflicted",
      "Version": "1.2.0",
      "Repository": "RSPM"
    },
    "crayon": {
      "Source": "Repository",
      "Package": "crayon",
      "Version": "1.5.2",
      "Repository": "RSPM"
    },
    "crul": {
      "Source": "Repository",
      "Package": "crul",
      "Version": "1.4.0",
      "Repository": "RSPM"
    },
    "data.table": {
      "Source": "Repository",
      "Package": "data.table",
      "Version": "1.14.8",
      "Repository": "RSPM"
    },
    "DBI": {
      "Source": "Repository",
      "Package": "DBI",
      "Version": "1.1.3",
      "Repository": "RSPM"
    },
    "dbplyr": {
      "Source": "Repository",
      "Package": "dbplyr",
      "Version": "2.3.2",
      "Repository": "RSPM"
    },
    "desc": {
      "Source": "Repository",
      "Package": "desc",
      "Version": "1.4.2",
      "Repository": "RSPM"
    },
    "dplyr": {
      "Source": "Repository",
      "Package": "dplyr",
      "Version": "1.1.2",
      "Repository": "RSPM"
    },
    "dtplyr": {
      "Source": "Repository",
      "Package": "dtplyr",
      "Version": "1.3.1",
      "Repository": "RSPM"
    },
    "e1071": {
      "Source": "Repository",
      "Package": "e1071",
      "Version": "1.7-13",
      "Repository": "RSPM"
    },
    "ellipsis": {
      "Source": "Repository",
      "Package": "ellipsis",
      "Version": "0.3.2",
      "Repository": "RSPM"
    },
    "evaluate": {
      "Source": "Repository",
      "Package": "evaluate",
      "Version": "0.21",
      "Repository": "RSPM"
    },
    "farver": {
      "Source": "Repository",
      "Package": "farver",
      "Version": "2.1.1",
      "Repository": "RSPM"
    },
    "fastmap": {
      "Source": "Repository",
      "Package": "fastmap",
      "Version": "1.1.1",
      "Repository": "RSPM"
    },
    "fontawesome": {
      "Source": "Repository",
      "Package": "fontawesome",
      "Version": "0.5.1",
      "Repository": "RSPM"
    },
    "forcats": {
      "Source": "Repository",
      "Package": "forcats",
      "Version": "1.0.0",
      "Repository": "RSPM"
    },
    "fs": {
      "Source": "Repository",
      "Package": "fs",
      "Version": "1.6.2",
      "Repository": "RSPM"
    },
    "furrr": {
      "Source": "Repository",
      "Package": "furrr",
      "Version": "0.3.1",
      "Repository": "RSPM"
    },
    "future": {
      "Source": "Repository",
      "Package": "future",
      "Version": "1.32.0",
      "Repository": "RSPM"
    },
    "generics": {
      "Source": "Repository",
      "Package": "generics",
      "Version": "0.1.3",
      "Repository": "RSPM"
    },
    "ggplot2": {
      "Source": "Repository",
      "Package": "ggplot2",
      "Version": "3.4.2",
      "Repository": "RSPM"
    },
    "gh": {
      "Source": "Repository",
      "Package": "gh",
      "Version": "1.4.0",
      "Repository": "RSPM"
    },
    "gitcreds": {
      "Source": "Repository",
      "Package": "gitcreds",
      "Version": "0.1.2",
      "Repository": "RSPM"
    },
    "globals": {
      "Source": "Repository",
      "Package": "globals",
      "Version": "0.16.2",
      "Repository": "RSPM"
    },
    "glue": {
      "Source": "Repository",
      "Package": "glue",
      "Version": "1.6.2",
      "Repository": "RSPM"
    },
    "gtable": {
      "Source": "Repository",
      "Package": "gtable",
      "Version": "0.3.3",
      "Repository": "RSPM"
    },
    "haven": {
      "Source": "Repository",
      "Package": "haven",
      "Version": "2.5.2",
      "Repository": "RSPM"
    },
    "here": {
      "Source": "Repository",
      "Package": "here",
      "Version": "1.0.1",
      "Repository": "RSPM"
    },
    "highr": {
      "Source": "Repository",
      "Package": "highr",
      "Version": "0.10",
      "Repository": "RSPM"
    },
    "hms": {
      "Source": "Repository",
      "Package": "hms",
      "Version": "1.1.3",
      "Repository": "RSPM"
    },
    "htmltools": {
      "Source": "Repository",
      "Package": "htmltools",
      "Version": "0.5.5",
      "Repository": "RSPM"
    },
    "htmlwidgets": {
      "Source": "Repository",
      "Package": "htmlwidgets",
      "Version": "1.6.2",
      "Repository": "RSPM"
    },
    "httpcode": {
      "Source": "Repository",
      "Package": "httpcode",
      "Version": "0.3.0",
      "Repository": "RSPM"
    },
    "httr2": {
      "Source": "Repository",
      "Package": "httr2",
      "Version": "0.2.3",
      "Repository": "RSPM"
    },
    "ids": {
      "Source": "Repository",
      "Package": "ids",
      "Version": "1.0.1",
      "Repository": "RSPM"
    },
    "ini": {
      "Source": "Repository",
      "Package": "ini",
      "Version": "0.3.1",
      "Repository": "RSPM"
    },
    "isoband": {
      "Source": "Repository",
      "Package": "isoband",
      "Version": "0.2.7",
      "Repository": "RSPM"
    },
    "jquerylib": {
      "Source": "Repository",
      "Package": "jquerylib",
      "Version": "0.1.4",
      "Repository": "RSPM"
    },
    "labeling": {
      "Source": "Repository",
      "Package": "labeling",
      "Version": "0.4.2",
      "Repository": "RSPM"
    },
    "lifecycle": {
      "Source": "Repository",
      "Package": "lifecycle",
      "Version": "1.0.3",
      "Repository": "RSPM"
    },
    "listenv": {
      "Source": "Repository",
      "Package": "listenv",
      "Version": "0.9.0",
      "Repository": "RSPM"
    },
    "lubridate": {
      "Source": "Repository",
      "Package": "lubridate",
      "Version": "1.9.2",
      "Repository": "RSPM"
    },
    "magrittr": {
      "Source": "Repository",
      "Package": "magrittr",
      "Version": "2.0.3",
      "Repository": "RSPM"
    },
    "memoise": {
      "Source": "Repository",
      "Package": "memoise",
      "Version": "2.0.1",
      "Repository": "RSPM"
    },
    "mime": {
      "Source": "Repository",
      "Package": "mime",
      "Version": "0.12",
      "Repository": "RSPM"
    },
    "modelr": {
      "Source": "Repository",
      "Package": "modelr",
      "Version": "0.1.11",
      "Repository": "RSPM"
    },
    "munsell": {
      "Source": "Repository",
      "Package": "munsell",
      "Version": "0.5.0",
      "Repository": "RSPM"
    },
    "pillar": {
      "Source": "Repository",
      "Package": "pillar",
      "Version": "1.9.0",
      "Repository": "RSPM"
    },
    "pkgconfig": {
      "Source": "Repository",
      "Package": "pkgconfig",
      "Version": "2.0.3",
      "Repository": "RSPM"
    },
    "plyr": {
      "Source": "Repository",
      "Package": "plyr",
      "Version": "1.8.8",
      "Repository": "RSPM"
    },
    "progress": {
      "Source": "Repository",
      "Package": "progress",
      "Version": "1.2.2",
      "Repository": "RSPM"
    },
    "proxy": {
      "Source": "Repository",
      "Package": "proxy",
      "Version": "0.4-27",
      "Repository": "RSPM"
    },
    "ps": {
      "Source": "Repository",
      "Package": "ps",
      "Version": "1.7.5",
      "Repository": "RSPM"
    },
    "R6": {
      "Source": "Repository",
      "Package": "R6",
      "Version": "2.5.1",
      "Repository": "RSPM"
    },
    "ragg": {
      "Source": "Repository",
      "Package": "ragg",
      "Version": "1.2.5",
      "Repository": "RSPM"
    },
    "rappdirs": {
      "Source": "Repository",
      "Package": "rappdirs",
      "Version": "0.3.3",
      "Repository": "RSPM"
    },
    "RColorBrewer": {
      "Source": "Repository",
      "Package": "RColorBrewer",
      "Version": "1.1-3",
      "Repository": "RSPM"
    },
    "RcppEigen": {
      "Source": "Repository",
      "Package": "RcppEigen",
      "Version": "0.3.3.9.3",
      "Repository": "RSPM"
    },
    "RcppParallel": {
      "Source": "Repository",
      "Package": "RcppParallel",
      "Version": "5.1.7",
      "Repository": "RSPM"
    },
    "readr": {
      "Source": "Repository",
      "Package": "readr",
      "Version": "2.1.4",
      "Repository": "RSPM"
    },
    "readxl": {
      "Source": "Repository",
      "Package": "readxl",
      "Version": "1.4.2",
      "Repository": "RSPM"
    },
    "rematch2": {
      "Source": "Repository",
      "Package": "rematch2",
      "Version": "2.1.2",
      "Repository": "RSPM"
    },
    "rematch": {
      "Source": "Repository",
      "Package": "rematch",
      "Version": "1.0.1",
      "Repository": "RSPM"
    },
    "reprex": {
      "Source": "Repository",
      "Package": "reprex",
      "Version": "2.0.2",
      "Repository": "RSPM"
    },
    "reshape2": {
      "Source": "Repository",
      "Package": "reshape2",
      "Version": "1.4.4",
      "Repository": "RSPM"
    },
    "rlang": {
      "Source": "Repository",
      "Package": "rlang",
      "Version": "1.1.1",
      "Repository": "RSPM"
    },
    "rmarkdown": {
      "Source": "Repository",
      "Package": "rmarkdown",
      "Version": "2.21",
      "Repository": "RSPM"
    },
    "rprojroot": {
      "Source": "Repository",
      "Package": "rprojroot",
      "Version": "2.0.3",
      "Repository": "RSPM"
    },
    "rvest": {
      "Source": "Repository",
      "Package": "rvest",
      "Version": "1.0.3",
      "Repository": "RSPM"
    },
    "scales": {
      "Source": "Repository",
      "Package": "scales",
      "Version": "1.2.1",
      "Repository": "RSPM"
    },
    "selectr": {
      "Source": "Repository",
      "Package": "selectr",
      "Version": "0.4-2",
      "Repository": "RSPM"
    },
    "sourcetools": {
      "Source": "Repository",
      "Package": "sourcetools",
      "Version": "0.1.7-1",
      "Repository": "RSPM"
    },
    "stringi": {
      "Source": "Repository",
      "Package": "stringi",
      "Version": "1.7.12",
      "Repository": "RSPM"
    },
    "stringr": {
      "Source": "Repository",
      "Package": "stringr",
      "Version": "1.5.0",
      "Repository": "RSPM"
    },
    "svglite": {
      "Source": "Repository",
      "Package": "svglite",
      "Version": "2.1.1",
      "Repository": "RSPM"
    },
    "systemfonts": {
      "Source": "Repository",
      "Package": "systemfonts",
      "Version": "1.0.4",
      "Repository": "RSPM"
    },
    "textshaping": {
      "Source": "Repository",
      "Package": "textshaping",
      "Version": "0.3.6",
      "Repository": "RSPM"
    },
    "tibble": {
      "Source": "Repository",
      "Package": "tibble",
      "Version": "3.2.1",
      "Repository": "RSPM"
    },
    "tidyr": {
      "Source": "Repository",
      "Package": "tidyr",
      "Version": "1.3.0",
      "Repository": "RSPM"
    },
    "tidyselect": {
      "Source": "Repository",
      "Package": "tidyselect",
      "Version": "1.2.0",
      "Repository": "RSPM"
    },
    "tidyverse": {
      "Source": "Repository",
      "Package": "tidyverse",
      "Version": "2.0.0",
      "Repository": "RSPM"
    },
    "timechange": {
      "Source": "Repository",
      "Package": "timechange",
      "Version": "0.2.0",
      "Repository": "RSPM"
    },
    "tinytex": {
      "Source": "Repository",
      "Package": "tinytex",
      "Version": "0.45",
      "Repository": "RSPM"
    },
    "triebeard": {
      "Source": "Repository",
      "Package": "triebeard",
      "Version": "0.4.1",
      "Repository": "RSPM"
    },
    "tzdb": {
      "Source": "Repository",
      "Package": "tzdb",
      "Version": "0.4.0",
      "Repository": "RSPM"
    },
    "urltools": {
      "Source": "Repository",
      "Package": "urltools",
      "Version": "1.7.3",
      "Repository": "RSPM"
    },
    "utf8": {
      "Source": "Repository",
      "Package": "utf8",
      "Version": "1.2.3",
      "Repository": "RSPM"
    },
    "viridisLite": {
      "Source": "Repository",
      "Package": "viridisLite",
      "Version": "0.4.2",
      "Repository": "RSPM"
    },
    "visNetwork": {
      "Source": "Repository",
      "Package": "visNetwork",
      "Version": "2.1.2",
      "Repository": "RSPM"
    },
    "webshot": {
      "Source": "Repository",
      "Package": "webshot",
      "Version": "0.5.4",
      "Repository": "RSPM"
    },
    "whisker": {
      "Source": "Repository",
      "Package": "whisker",
      "Version": "0.4.1",
      "Repository": "RSPM"
    },
    "wk": {
      "Source": "Repository",
      "Package": "wk",
      "Version": "0.7.3",
      "Repository": "RSPM"
    },
    "yaml": {
      "Source": "Repository",
      "Package": "yaml",
      "Version": "2.3.7",
      "Repository": "RSPM"
    },
    "zip": {
      "Source": "Repository",
      "Package": "zip",
      "Version": "2.3.0",
      "Repository": "RSPM"
    }
  }
}
